
Microsoft Visual Studio Solution File, Format Version 12.00
# Visual Studio Version 17
VisualStudioVersion = 17.14.36623.8 d17.14
MinimumVisualStudioVersion = 10.0.40219.1
Project("{FAE04EC0-301F-11D3-BF4B-00C04F79EFBC}") = "CondorcetWpf", "CondorcetWpf.csproj", "{8DBFBB50-1A23-ABBF-E1A3-0E8A663D892D}"
EndProject
Global
	GlobalSection(SolutionConfigurationPlatforms) = preSolution
		Debug|Any CPU = Debug|Any CPU
		Release|Any CPU = Release|Any CPU
	EndGlobalSection
	GlobalSection(ProjectConfigurationPlatforms) = postSolution
		{8DBFBB50-1A23-ABBF-E1A3-0E8A663D892D}.Debug|Any CPU.ActiveCfg = Debug|Any CPU
		{8DBFBB50-1A23-ABBF-E1A3-0E8A663D892D}.Debug|Any CPU.Build.0 = Debug|Any CPU
		{8DBFBB50-1A23-ABBF-E1A3-0E8A663D892D}.Release|Any CPU.ActiveCfg = Release|Any CPU
		{8DBFBB50-1A23-ABBF-E1A3-0E8A663D892D}.Release|Any CPU.Build.0 = Release|Any CPU
	EndGlobalSection
	GlobalSection(SolutionProperties) = preSolution
		HideSolutionNode = FALSE
	EndGlobalSection
	GlobalSection(ExtensibilityGlobals) = postSolution
		SolutionGuid = {19BBB796-EC89-4838-8241-99F38DB3AA2D}
	EndGlobalSection
EndGlobal
